
Microsoft Visual Studio Solution File, Format Version 12.00
# Visual Studio Version 16
VisualStudioVersion = 16.0.31702.278
MinimumVisualStudioVersion = 10.0.40219.1
Project("{FAE04EC0-301F-11D3-BF4B-00C04F79EFBC}") = "KKS_ObjImport", "KKS_ObjImport\KKS_ObjImport.csproj", "{F1213612-042F-4C84-89CE-5FF0250632E6}"
EndProject
Project("{FAE04EC0-301F-11D3-BF4B-00C04F79EFBC}") = "KK_ObjImport", "KK_ObjImport\KK_ObjImport.csproj", "{90E40090-3AAF-4302-9AA6-A0C8B4BC2259}"
EndProject
Global
	GlobalSection(SolutionConfigurationPlatforms) = preSolution
		Debug|Any CPU = Debug|Any CPU
		Release|Any CPU = Release|Any CPU
	EndGlobalSection
	GlobalSection(ProjectConfigurationPlatforms) = postSolution
		{F1213612-042F-4C84-89CE-5FF0250632E6}.Debug|Any CPU.ActiveCfg = Debug|Any CPU
		{F1213612-042F-4C84-89CE-5FF0250632E6}.Debug|Any CPU.Build.0 = Debug|Any CPU
		{F1213612-042F-4C84-89CE-5FF0250632E6}.Release|Any CPU.ActiveCfg = Release|Any CPU
		{F1213612-042F-4C84-89CE-5FF0250632E6}.Release|Any CPU.Build.0 = Release|Any CPU
		{90E40090-3AAF-4302-9AA6-A0C8B4BC2259}.Debug|Any CPU.ActiveCfg = Debug|Any CPU
		{90E40090-3AAF-4302-9AA6-A0C8B4BC2259}.Debug|Any CPU.Build.0 = Debug|Any CPU
		{90E40090-3AAF-4302-9AA6-A0C8B4BC2259}.Release|Any CPU.ActiveCfg = Release|Any CPU
		{90E40090-3AAF-4302-9AA6-A0C8B4BC2259}.Release|Any CPU.Build.0 = Release|Any CPU
	EndGlobalSection
	GlobalSection(SolutionProperties) = preSolution
		HideSolutionNode = FALSE
	EndGlobalSection
	GlobalSection(ExtensibilityGlobals) = postSolution
		SolutionGuid = {58057930-AFD5-4BE1-9B4B-CB8C0DA08999}
	EndGlobalSection
EndGlobal
